
Microsoft Visual Studio Solution File, Format Version 12.00
# Visual Studio Version 17
VisualStudioVersion = 17.14.36109.1
MinimumVisualStudioVersion = 10.0.40219.1
Project("{FAE04EC0-301F-11D3-BF4B-00C04F79EFBC}") = "ej1.1", "ej1\ej1.1.csproj", "{41F4A627-7842-493D-A8ED-CBF873B43E53}"
EndProject
Project("{FAE04EC0-301F-11D3-BF4B-00C04F79EFBC}") = "ej1.2", "ej1.2\ej1.2.csproj", "{AB2C5C4B-B24A-4CB8-B418-C3842971F520}"
EndProject
Project("{FAE04EC0-301F-11D3-BF4B-00C04F79EFBC}") = "ej1.3", "ej1.3\ej1.3.csproj", "{42296C8C-1A6D-474A-A031-99F394785BD5}"
EndProject
Project("{FAE04EC0-301F-11D3-BF4B-00C04F79EFBC}") = "ej2.1", "ej2.1\ej2.1.csproj", "{46179EC3-8F46-4308-97AE-77919276EB28}"
EndProject
Project("{FAE04EC0-301F-11D3-BF4B-00C04F79EFBC}") = "prácticas_metodos_ord", "prácticas_metodos_ord\prácticas_metodos_ord.csproj", "{53B799B8-6B06-4427-A9EB-6ACF5A93CE75}"
EndProject
Project("{FAE04EC0-301F-11D3-BF4B-00C04F79EFBC}") = "ej2.2", "ej2.2\ej2.2.csproj", "{F0315463-F619-4577-BD51-6B89777C1B26}"
EndProject
Project("{FAE04EC0-301F-11D3-BF4B-00C04F79EFBC}") = "ej3.1", "ej3.1\ej3.1.csproj", "{F4691A15-110E-48A7-8267-09812B336343}"
EndProject
Project("{FAE04EC0-301F-11D3-BF4B-00C04F79EFBC}") = "ej3.2", "ej3.2\ej3.2.csproj", "{A8DCC64A-54BF-4BDD-82F7-A7BD155A25FC}"
EndProject
Project("{FAE04EC0-301F-11D3-BF4B-00C04F79EFBC}") = "ej4.1", "ej4.1\ej4.1.csproj", "{E7C7C39A-A4D6-499A-B730-32E718803FC1}"
EndProject
Project("{FAE04EC0-301F-11D3-BF4B-00C04F79EFBC}") = "ej4.2", "ej4.2\ej4.2.csproj", "{1CE72922-2189-4057-A4E3-CD8DE2FB0C3F}"
EndProject
Global
	GlobalSection(SolutionConfigurationPlatforms) = preSolution
		Debug|Any CPU = Debug|Any CPU
		Release|Any CPU = Release|Any CPU
	EndGlobalSection
	GlobalSection(ProjectConfigurationPlatforms) = postSolution
		{41F4A627-7842-493D-A8ED-CBF873B43E53}.Debug|Any CPU.ActiveCfg = Debug|Any CPU
		{41F4A627-7842-493D-A8ED-CBF873B43E53}.Debug|Any CPU.Build.0 = Debug|Any CPU
		{41F4A627-7842-493D-A8ED-CBF873B43E53}.Release|Any CPU.ActiveCfg = Release|Any CPU
		{41F4A627-7842-493D-A8ED-CBF873B43E53}.Release|Any CPU.Build.0 = Release|Any CPU
		{AB2C5C4B-B24A-4CB8-B418-C3842971F520}.Debug|Any CPU.ActiveCfg = Debug|Any CPU
		{AB2C5C4B-B24A-4CB8-B418-C3842971F520}.Debug|Any CPU.Build.0 = Debug|Any CPU
		{AB2C5C4B-B24A-4CB8-B418-C3842971F520}.Release|Any CPU.ActiveCfg = Release|Any CPU
		{AB2C5C4B-B24A-4CB8-B418-C3842971F520}.Release|Any CPU.Build.0 = Release|Any CPU
		{42296C8C-1A6D-474A-A031-99F394785BD5}.Debug|Any CPU.ActiveCfg = Debug|Any CPU
		{42296C8C-1A6D-474A-A031-99F394785BD5}.Debug|Any CPU.Build.0 = Debug|Any CPU
		{42296C8C-1A6D-474A-A031-99F394785BD5}.Release|Any CPU.ActiveCfg = Release|Any CPU
		{42296C8C-1A6D-474A-A031-99F394785BD5}.Release|Any CPU.Build.0 = Release|Any CPU
		{46179EC3-8F46-4308-97AE-77919276EB28}.Debug|Any CPU.ActiveCfg = Debug|Any CPU
		{46179EC3-8F46-4308-97AE-77919276EB28}.Debug|Any CPU.Build.0 = Debug|Any CPU
		{46179EC3-8F46-4308-97AE-77919276EB28}.Release|Any CPU.ActiveCfg = Release|Any CPU
		{46179EC3-8F46-4308-97AE-77919276EB28}.Release|Any CPU.Build.0 = Release|Any CPU
		{53B799B8-6B06-4427-A9EB-6ACF5A93CE75}.Debug|Any CPU.ActiveCfg = Debug|Any CPU
		{53B799B8-6B06-4427-A9EB-6ACF5A93CE75}.Debug|Any CPU.Build.0 = Debug|Any CPU
		{53B799B8-6B06-4427-A9EB-6ACF5A93CE75}.Release|Any CPU.ActiveCfg = Release|Any CPU
		{53B799B8-6B06-4427-A9EB-6ACF5A93CE75}.Release|Any CPU.Build.0 = Release|Any CPU
		{F0315463-F619-4577-BD51-6B89777C1B26}.Debug|Any CPU.ActiveCfg = Debug|Any CPU
		{F0315463-F619-4577-BD51-6B89777C1B26}.Debug|Any CPU.Build.0 = Debug|Any CPU
		{F0315463-F619-4577-BD51-6B89777C1B26}.Release|Any CPU.ActiveCfg = Release|Any CPU
		{F0315463-F619-4577-BD51-6B89777C1B26}.Release|Any CPU.Build.0 = Release|Any CPU
		{F4691A15-110E-48A7-8267-09812B336343}.Debug|Any CPU.ActiveCfg = Debug|Any CPU
		{F4691A15-110E-48A7-8267-09812B336343}.Debug|Any CPU.Build.0 = Debug|Any CPU
		{F4691A15-110E-48A7-8267-09812B336343}.Release|Any CPU.ActiveCfg = Release|Any CPU
		{F4691A15-110E-48A7-8267-09812B336343}.Release|Any CPU.Build.0 = Release|Any CPU
		{A8DCC64A-54BF-4BDD-82F7-A7BD155A25FC}.Debug|Any CPU.ActiveCfg = Debug|Any CPU
		{A8DCC64A-54BF-4BDD-82F7-A7BD155A25FC}.Debug|Any CPU.Build.0 = Debug|Any CPU
		{A8DCC64A-54BF-4BDD-82F7-A7BD155A25FC}.Release|Any CPU.ActiveCfg = Release|Any CPU
		{A8DCC64A-54BF-4BDD-82F7-A7BD155A25FC}.Release|Any CPU.Build.0 = Release|Any CPU
		{E7C7C39A-A4D6-499A-B730-32E718803FC1}.Debug|Any CPU.ActiveCfg = Debug|Any CPU
		{E7C7C39A-A4D6-499A-B730-32E718803FC1}.Debug|Any CPU.Build.0 = Debug|Any CPU
		{E7C7C39A-A4D6-499A-B730-32E718803FC1}.Release|Any CPU.ActiveCfg = Release|Any CPU
		{E7C7C39A-A4D6-499A-B730-32E718803FC1}.Release|Any CPU.Build.0 = Release|Any CPU
		{1CE72922-2189-4057-A4E3-CD8DE2FB0C3F}.Debug|Any CPU.ActiveCfg = Debug|Any CPU
		{1CE72922-2189-4057-A4E3-CD8DE2FB0C3F}.Debug|Any CPU.Build.0 = Debug|Any CPU
		{1CE72922-2189-4057-A4E3-CD8DE2FB0C3F}.Release|Any CPU.ActiveCfg = Release|Any CPU
		{1CE72922-2189-4057-A4E3-CD8DE2FB0C3F}.Release|Any CPU.Build.0 = Release|Any CPU
	EndGlobalSection
	GlobalSection(SolutionProperties) = preSolution
		HideSolutionNode = FALSE
	EndGlobalSection
	GlobalSection(ExtensibilityGlobals) = postSolution
		SolutionGuid = {84E00E33-3831-4E33-AB43-A53CB67D2AC8}
	EndGlobalSection
EndGlobal
